// !$*UTF8*$!
{
	archiveVersion = 1;
	classes = {
	};
	objectVersion = 55;
	objects = {

/* Begin PBXBuildFile section */
		4708C45E27ECB36F00481172 /* AttributedString.swift in Sources */ = {isa = PBXBuildFile; fileRef = 4708C45D27ECB36F00481172 /* AttributedString.swift */; };
		4708C46727ED020100481172 /* XApp.swift in Sources */ = {isa = PBXBuildFile; fileRef = 4708C46627ED020100481172 /* XApp.swift */; };
		4708C46927ED2F6E00481172 /* DocumentPicker.swift in Sources */ = {isa = PBXBuildFile; fileRef = 4708C46827ED2F6E00481172 /* DocumentPicker.swift */; };
		4708C46C27ED378A00481172 /* SwiftyChords in Frameworks */ = {isa = PBXBuildFile; productRef = 4708C46B27ED378A00481172 /* SwiftyChords */; };
		4708C47927ED37B400481172 /* Song.swift in Sources */ = {isa = PBXBuildFile; fileRef = 4708C46E27ED37B400481172 /* Song.swift */; };
		4708C47A27ED37B400481172 /* ChordPro.swift in Sources */ = {isa = PBXBuildFile; fileRef = 4708C46F27ED37B400481172 /* ChordPro.swift */; };
		4708C47C27ED37B400481172 /* Chord.swift in Sources */ = {isa = PBXBuildFile; fileRef = 4708C47127ED37B400481172 /* Chord.swift */; };
		4708C48127ED37B400481172 /* style.css in Resources */ = {isa = PBXBuildFile; fileRef = 4708C47727ED37B400481172 /* style.css */; };
		4708C48927ED394E00481172 /* ChordsView.swift in Sources */ = {isa = PBXBuildFile; fileRef = 4708C48527ED394E00481172 /* ChordsView.swift */; };
		4713243C27E39E1F000F67C8 /* RegularExpression.swift in Sources */ = {isa = PBXBuildFile; fileRef = 4713243B27E39E1F000F67C8 /* RegularExpression.swift */; };
		4713244227E3A0E2000F67C8 /* +String.swift in Sources */ = {isa = PBXBuildFile; fileRef = 4713244127E3A0E2000F67C8 /* +String.swift */; };
		472BE8BB27E9659B00A41D54 /* SearchViewModel.swift in Sources */ = {isa = PBXBuildFile; fileRef = 472BE8BA27E9659B00A41D54 /* SearchViewModel.swift */; };
		472BE8BE27E96E7000A41D54 /* SearchContent.swift in Sources */ = {isa = PBXBuildFile; fileRef = 472BE8BD27E96E7000A41D54 /* SearchContent.swift */; };
		472BE8C227E97F4400A41D54 /* MyanmarSansPro.ttf in Resources */ = {isa = PBXBuildFile; fileRef = 472BE8C127E97F4400A41D54 /* MyanmarSansPro.ttf */; };
		472BE8C427E980AF00A41D54 /* MyanmarAngoun.ttf in Resources */ = {isa = PBXBuildFile; fileRef = 472BE8C327E980AF00A41D54 /* MyanmarAngoun.ttf */; };
		472BE8C627E9817600A41D54 /* MyanmarSquare.ttf in Resources */ = {isa = PBXBuildFile; fileRef = 472BE8C527E9817600A41D54 /* MyanmarSquare.ttf */; };
		472BE8CA27E9EF5200A41D54 /* MasterpieceSpringRev.ttf in Resources */ = {isa = PBXBuildFile; fileRef = 472BE8C927E9EF5200A41D54 /* MasterpieceSpringRev.ttf */; };
		472BE8DC27EAB3A500A41D54 /* ChordTag.swift in Sources */ = {isa = PBXBuildFile; fileRef = 472BE8DB27EAB3A500A41D54 /* ChordTag.swift */; };
		4761E7F727ED7A4300BBA301 /* PickerNavigationView.swift in Sources */ = {isa = PBXBuildFile; fileRef = 4761E7F627ED7A4300BBA301 /* PickerNavigationView.swift */; };
		4761E7FC27EF789700BBA301 /* TextView.swift in Sources */ = {isa = PBXBuildFile; fileRef = 4761E7FB27EF789700BBA301 /* TextView.swift */; };
		4761E7FE27EF7D7900BBA301 /* Html.swift in Sources */ = {isa = PBXBuildFile; fileRef = 4761E7FD27EF7D7900BBA301 /* Html.swift */; };
		476B428E27F9E90F00C30BF3 /* LCreateLyrics.swift in Sources */ = {isa = PBXBuildFile; fileRef = 476B428D27F9E90F00C30BF3 /* LCreateLyrics.swift */; };
		476B429027FA8F1100C30BF3 /* UserDefault.swift in Sources */ = {isa = PBXBuildFile; fileRef = 476B428F27FA8F1100C30BF3 /* UserDefault.swift */; };
		476B429227FAFD9600C30BF3 /* LyricCreaterControls.swift in Sources */ = {isa = PBXBuildFile; fileRef = 476B429127FAFD9600C30BF3 /* LyricCreaterControls.swift */; };
		476B429427FB255200C30BF3 /* ChordPicker.swift in Sources */ = {isa = PBXBuildFile; fileRef = 476B429327FB255200C30BF3 /* ChordPicker.swift */; };
		476B42F927FBAA2A00C30BF3 /* Song+Models.swift in Sources */ = {isa = PBXBuildFile; fileRef = 476B42F827FBAA2A00C30BF3 /* Song+Models.swift */; };
		476B42FB27FBAE0600C30BF3 /* LyricViewerService.swift in Sources */ = {isa = PBXBuildFile; fileRef = 476B42FA27FBAE0600C30BF3 /* LyricViewerService.swift */; };
		476B42FE27FBDA0F00C30BF3 /* ActivityView.swift in Sources */ = {isa = PBXBuildFile; fileRef = 476B42FD27FBDA0F00C30BF3 /* ActivityView.swift */; };
		476B430127FBDA4300C30BF3 /* ActivityItem.swift in Sources */ = {isa = PBXBuildFile; fileRef = 476B430027FBDA4300C30BF3 /* ActivityItem.swift */; };
		476B431027FC0F9900C30BF3 /* CameraService+Extensions.swift in Sources */ = {isa = PBXBuildFile; fileRef = 476B430627FC0F9900C30BF3 /* CameraService+Extensions.swift */; };
		476B431127FC0F9900C30BF3 /* CameraViewModel.swift in Sources */ = {isa = PBXBuildFile; fileRef = 476B430727FC0F9900C30BF3 /* CameraViewModel.swift */; };
		476B431227FC0F9900C30BF3 /* CameraPreview.swift in Sources */ = {isa = PBXBuildFile; fileRef = 476B430827FC0F9900C30BF3 /* CameraPreview.swift */; };
		476B431327FC0F9900C30BF3 /* CameraService+Enums.swift in Sources */ = {isa = PBXBuildFile; fileRef = 476B430927FC0F9900C30BF3 /* CameraService+Enums.swift */; };
		476B431427FC0F9900C30BF3 /* PhotoCaptureProcessor.swift in Sources */ = {isa = PBXBuildFile; fileRef = 476B430A27FC0F9900C30BF3 /* PhotoCaptureProcessor.swift */; };
		476B431527FC0F9900C30BF3 /* Photo.swift in Sources */ = {isa = PBXBuildFile; fileRef = 476B430B27FC0F9900C30BF3 /* Photo.swift */; };
		476B431627FC0F9900C30BF3 /* AlertError.swift in Sources */ = {isa = PBXBuildFile; fileRef = 476B430C27FC0F9900C30BF3 /* AlertError.swift */; };
		476B431727FC0F9900C30BF3 /* CameraView.swift in Sources */ = {isa = PBXBuildFile; fileRef = 476B430D27FC0F9900C30BF3 /* CameraView.swift */; };
		476B431827FC0F9900C30BF3 /* ImageResizer.swift in Sources */ = {isa = PBXBuildFile; fileRef = 476B430E27FC0F9900C30BF3 /* ImageResizer.swift */; };
		476B431927FC0F9900C30BF3 /* CameraService.swift in Sources */ = {isa = PBXBuildFile; fileRef = 476B430F27FC0F9900C30BF3 /* CameraService.swift */; };
		476B431B27FC0FBF00C30BF3 /* ImageViewer.swift in Sources */ = {isa = PBXBuildFile; fileRef = 476B431A27FC0FBF00C30BF3 /* ImageViewer.swift */; };
		476B431E27FC130500C30BF3 /* IRLPDFScanContent in Frameworks */ = {isa = PBXBuildFile; productRef = 476B431D27FC130500C30BF3 /* IRLPDFScanContent */; };
		476B432027FC133B00C30BF3 /* PDFScannerView.swift in Sources */ = {isa = PBXBuildFile; fileRef = 476B431F27FC133B00C30BF3 /* PDFScannerView.swift */; };
		477DA76527E0E7C800C143C4 /* UltimateChordsApp.swift in Sources */ = {isa = PBXBuildFile; fileRef = 477DA76427E0E7C800C143C4 /* UltimateChordsApp.swift */; };
		477DA76727E0E7C800C143C4 /* HomeView.swift in Sources */ = {isa = PBXBuildFile; fileRef = 477DA76627E0E7C800C143C4 /* HomeView.swift */; };
		477DA76927E0E7C900C143C4 /* Assets.xcassets in Resources */ = {isa = PBXBuildFile; fileRef = 477DA76827E0E7C900C143C4 /* Assets.xcassets */; };
		477DA76C27E0E7C900C143C4 /* Preview Assets.xcassets in Resources */ = {isa = PBXBuildFile; fileRef = 477DA76B27E0E7C900C143C4 /* Preview Assets.xcassets */; };
		477DA76E27E0E7C900C143C4 /* Persistence.swift in Sources */ = {isa = PBXBuildFile; fileRef = 477DA76D27E0E7C900C143C4 /* Persistence.swift */; };
		477DA77E27E0E88800C143C4 /* TapToPresentStyle.swift in Sources */ = {isa = PBXBuildFile; fileRef = 477DA77C27E0E88800C143C4 /* TapToPresentStyle.swift */; };
		477DA77F27E0E88800C143C4 /* TapToPushStyle.swift in Sources */ = {isa = PBXBuildFile; fileRef = 477DA77D27E0E88800C143C4 /* TapToPushStyle.swift */; };
		4782A48D27E8B91500FA0FC9 /* XIcon.swift in Sources */ = {isa = PBXBuildFile; fileRef = 4782A48C27E8B91500FA0FC9 /* XIcon.swift */; };
		4782A48F27E8D6AA00FA0FC9 /* +UITextView.swift in Sources */ = {isa = PBXBuildFile; fileRef = 4782A48E27E8D6AA00FA0FC9 /* +UITextView.swift */; };
		4782A49127E8E5C600FA0FC9 /* HomeCell.swift in Sources */ = {isa = PBXBuildFile; fileRef = 4782A49027E8E5C600FA0FC9 /* HomeCell.swift */; };
		4782A49327E8E62C00FA0FC9 /* MainNavigationView.swift in Sources */ = {isa = PBXBuildFile; fileRef = 4782A49227E8E62C00FA0FC9 /* MainNavigationView.swift */; };
		4782A49527E8E6ED00FA0FC9 /* HomeViewModel.swift in Sources */ = {isa = PBXBuildFile; fileRef = 4782A49427E8E6ED00FA0FC9 /* HomeViewModel.swift */; };
		4782A49827E8E82F00FA0FC9 /* LyricsCreaterView.swift in Sources */ = {isa = PBXBuildFile; fileRef = 4782A49727E8E82F00FA0FC9 /* LyricsCreaterView.swift */; };
		4782A49A27E8E9CC00FA0FC9 /* WidthFittingTextView.swift in Sources */ = {isa = PBXBuildFile; fileRef = 4782A49927E8E9CC00FA0FC9 /* WidthFittingTextView.swift */; };
		4782A49C27E8EA5600FA0FC9 /* LyricsCreaterViewModel.swift in Sources */ = {isa = PBXBuildFile; fileRef = 4782A49B27E8EA5600FA0FC9 /* LyricsCreaterViewModel.swift */; };
		4782A49E27E8EA6A00FA0FC9 /* LyricsCreaterTextView.swift in Sources */ = {isa = PBXBuildFile; fileRef = 4782A49D27E8EA6A00FA0FC9 /* LyricsCreaterTextView.swift */; };
		4782A4A027E92C9200FA0FC9 /* +Lyric.swift in Sources */ = {isa = PBXBuildFile; fileRef = 4782A49F27E92C9200FA0FC9 /* +Lyric.swift */; };
		4782A4A627E930C300FA0FC9 /* UltimateChords.xcdatamodeld in Sources */ = {isa = PBXBuildFile; fileRef = 4782A4A427E930C300FA0FC9 /* UltimateChords.xcdatamodeld */; };
		47873D4427E2F92600417F89 /* Pdf.swift in Sources */ = {isa = PBXBuildFile; fileRef = 47873D4327E2F92600417F89 /* Pdf.swift */; };
		47873D4727E2F94100417F89 /* PdfView.swift in Sources */ = {isa = PBXBuildFile; fileRef = 47873D4627E2F94100417F89 /* PdfView.swift */; };
		47873D5227E3659E00417F89 /* +View.swift in Sources */ = {isa = PBXBuildFile; fileRef = 47873D5127E3659E00417F89 /* +View.swift */; };
		47A3E5D827E4DE3300412B89 /* LyricsViewerView.swift in Sources */ = {isa = PBXBuildFile; fileRef = 47A3E5D727E4DE3300412B89 /* LyricsViewerView.swift */; };
		47A3E5DB27E4DEC900412B89 /* LyricsViewerTextView.swift in Sources */ = {isa = PBXBuildFile; fileRef = 47A3E5DA27E4DEC900412B89 /* LyricsViewerTextView.swift */; };
		47A3E5DE27E4DF3100412B89 /* LyricsViewerViewModel.swift in Sources */ = {isa = PBXBuildFile; fileRef = 47A3E5DD27E4DF3100412B89 /* LyricsViewerViewModel.swift */; };
		47A3E5F127E4F42800412B89 /* NotoSansMono_ExtraCondensed-SemiBold.ttf in Resources */ = {isa = PBXBuildFile; fileRef = 47A3E5ED27E4F42800412B89 /* NotoSansMono_ExtraCondensed-SemiBold.ttf */; };
		47A3E5F227E4F42800412B89 /* NotoSansMono_ExtraCondensed-ExtraBold.ttf in Resources */ = {isa = PBXBuildFile; fileRef = 47A3E5EE27E4F42800412B89 /* NotoSansMono_ExtraCondensed-ExtraBold.ttf */; };
		47A3E5F327E4F42800412B89 /* NotoSansMono_ExtraCondensed-Bold.ttf in Resources */ = {isa = PBXBuildFile; fileRef = 47A3E5EF27E4F42800412B89 /* NotoSansMono_ExtraCondensed-Bold.ttf */; };
		47A3E5F427E4F42800412B89 /* NotoSansMono_ExtraCondensed-Black.ttf in Resources */ = {isa = PBXBuildFile; fileRef = 47A3E5F027E4F42800412B89 /* NotoSansMono_ExtraCondensed-Black.ttf */; };
		47A3E5F827E4F43200412B89 /* NotoSansMono_ExtraCondensed-ExtraLight.ttf in Resources */ = {isa = PBXBuildFile; fileRef = 47A3E5F527E4F43100412B89 /* NotoSansMono_ExtraCondensed-ExtraLight.ttf */; };
		47A3E5F927E4F43200412B89 /* NotoSansMono_ExtraCondensed-Light.ttf in Resources */ = {isa = PBXBuildFile; fileRef = 47A3E5F627E4F43100412B89 /* NotoSansMono_ExtraCondensed-Light.ttf */; };
		47A3E5FA27E4F43200412B89 /* NotoSansMono_ExtraCondensed-Thin.ttf in Resources */ = {isa = PBXBuildFile; fileRef = 47A3E5F727E4F43200412B89 /* NotoSansMono_ExtraCondensed-Thin.ttf */; };
		47A3E5FC27E4F8D400412B89 /* +ParagraphStyle.swift in Sources */ = {isa = PBXBuildFile; fileRef = 47A3E5FB27E4F8D400412B89 /* +ParagraphStyle.swift */; };
		47BB283327F0CFDC00852C1D /* EditableTextView.swift in Sources */ = {isa = PBXBuildFile; fileRef = 47BB283227F0CFDC00852C1D /* EditableTextView.swift */; };
		47BFC43527F2282F00B4F261 /* DPTagTextView.swift in Sources */ = {isa = PBXBuildFile; fileRef = 47BFC43427F2282F00B4F261 /* DPTagTextView.swift */; };
		47FB8A3C27E2A72E006799FC /* XFont.swift in Sources */ = {isa = PBXBuildFile; fileRef = 47FB8A3B27E2A72E006799FC /* XFont.swift */; };
		47FB8A4527E2AC3F006799FC /* NotoSansMono_ExtraCondensed-Medium.ttf in Resources */ = {isa = PBXBuildFile; fileRef = 47FB8A4327E2AC3F006799FC /* NotoSansMono_ExtraCondensed-Medium.ttf */; };
		47FB8A4627E2AC3F006799FC /* NotoSansMono_ExtraCondensed-Regular.ttf in Resources */ = {isa = PBXBuildFile; fileRef = 47FB8A4427E2AC3F006799FC /* NotoSansMono_ExtraCondensed-Regular.ttf */; };
		47FB8A4A27E2F3A4006799FC /* HtmlView.swift in Sources */ = {isa = PBXBuildFile; fileRef = 47FB8A4927E2F3A4006799FC /* HtmlView.swift */; };
/* End PBXBuildFile section */

/* Begin PBXFileReference section */
		4708C45D27ECB36F00481172 /* AttributedString.swift */ = {isa = PBXFileReference; lastKnownFileType = sourcecode.swift; path = AttributedString.swift; sourceTree = "<group>"; };
		4708C46627ED020100481172 /* XApp.swift */ = {isa = PBXFileReference; lastKnownFileType = sourcecode.swift; path = XApp.swift; sourceTree = "<group>"; };
		4708C46827ED2F6E00481172 /* DocumentPicker.swift */ = {isa = PBXFileReference; lastKnownFileType = sourcecode.swift; path = DocumentPicker.swift; sourceTree = "<group>"; };
		4708C46E27ED37B400481172 /* Song.swift */ = {isa = PBXFileReference; fileEncoding = 4; lastKnownFileType = sourcecode.swift; path = Song.swift; sourceTree = "<group>"; };
		4708C46F27ED37B400481172 /* ChordPro.swift */ = {isa = PBXFileReference; fileEncoding = 4; lastKnownFileType = sourcecode.swift; path = ChordPro.swift; sourceTree = "<group>"; };
		4708C47127ED37B400481172 /* Chord.swift */ = {isa = PBXFileReference; fileEncoding = 4; lastKnownFileType = sourcecode.swift; path = Chord.swift; sourceTree = "<group>"; };
		4708C47727ED37B400481172 /* style.css */ = {isa = PBXFileReference; fileEncoding = 4; lastKnownFileType = text.css; path = style.css; sourceTree = "<group>"; };
		4708C48527ED394E00481172 /* ChordsView.swift */ = {isa = PBXFileReference; fileEncoding = 4; lastKnownFileType = sourcecode.swift; path = ChordsView.swift; sourceTree = "<group>"; };
		4713243B27E39E1F000F67C8 /* RegularExpression.swift */ = {isa = PBXFileReference; lastKnownFileType = sourcecode.swift; path = RegularExpression.swift; sourceTree = "<group>"; };
		4713244127E3A0E2000F67C8 /* +String.swift */ = {isa = PBXFileReference; lastKnownFileType = sourcecode.swift; path = "+String.swift"; sourceTree = "<group>"; };
		472BE8BA27E9659B00A41D54 /* SearchViewModel.swift */ = {isa = PBXFileReference; lastKnownFileType = sourcecode.swift; path = SearchViewModel.swift; sourceTree = "<group>"; };
		472BE8BD27E96E7000A41D54 /* SearchContent.swift */ = {isa = PBXFileReference; lastKnownFileType = sourcecode.swift; path = SearchContent.swift; sourceTree = "<group>"; };
		472BE8C127E97F4400A41D54 /* MyanmarSansPro.ttf */ = {isa = PBXFileReference; lastKnownFileType = file; path = MyanmarSansPro.ttf; sourceTree = "<group>"; };
		472BE8C327E980AF00A41D54 /* MyanmarAngoun.ttf */ = {isa = PBXFileReference; lastKnownFileType = file; path = MyanmarAngoun.ttf; sourceTree = "<group>"; };
		472BE8C527E9817600A41D54 /* MyanmarSquare.ttf */ = {isa = PBXFileReference; lastKnownFileType = file; path = MyanmarSquare.ttf; sourceTree = "<group>"; };
		472BE8C927E9EF5200A41D54 /* MasterpieceSpringRev.ttf */ = {isa = PBXFileReference; lastKnownFileType = file; path = MasterpieceSpringRev.ttf; sourceTree = "<group>"; };
		472BE8DB27EAB3A500A41D54 /* ChordTag.swift */ = {isa = PBXFileReference; lastKnownFileType = sourcecode.swift; path = ChordTag.swift; sourceTree = "<group>"; };
		4761E7F627ED7A4300BBA301 /* PickerNavigationView.swift */ = {isa = PBXFileReference; lastKnownFileType = sourcecode.swift; path = PickerNavigationView.swift; sourceTree = "<group>"; };
		4761E7FB27EF789700BBA301 /* TextView.swift */ = {isa = PBXFileReference; lastKnownFileType = sourcecode.swift; path = TextView.swift; sourceTree = "<group>"; };
		4761E7FD27EF7D7900BBA301 /* Html.swift */ = {isa = PBXFileReference; lastKnownFileType = sourcecode.swift; path = Html.swift; sourceTree = "<group>"; };
		476B428D27F9E90F00C30BF3 /* LCreateLyrics.swift */ = {isa = PBXFileReference; fileEncoding = 4; lastKnownFileType = sourcecode.swift; path = LCreateLyrics.swift; sourceTree = "<group>"; };
		476B428F27FA8F1100C30BF3 /* UserDefault.swift */ = {isa = PBXFileReference; lastKnownFileType = sourcecode.swift; path = UserDefault.swift; sourceTree = "<group>"; };
		476B429127FAFD9600C30BF3 /* LyricCreaterControls.swift */ = {isa = PBXFileReference; lastKnownFileType = sourcecode.swift; path = LyricCreaterControls.swift; sourceTree = "<group>"; };
		476B429327FB255200C30BF3 /* ChordPicker.swift */ = {isa = PBXFileReference; lastKnownFileType = sourcecode.swift; path = ChordPicker.swift; sourceTree = "<group>"; };
		476B42F827FBAA2A00C30BF3 /* Song+Models.swift */ = {isa = PBXFileReference; lastKnownFileType = sourcecode.swift; path = "Song+Models.swift"; sourceTree = "<group>"; };
		476B42FA27FBAE0600C30BF3 /* LyricViewerService.swift */ = {isa = PBXFileReference; lastKnownFileType = sourcecode.swift; path = LyricViewerService.swift; sourceTree = "<group>"; };
		476B42FD27FBDA0F00C30BF3 /* ActivityView.swift */ = {isa = PBXFileReference; lastKnownFileType = sourcecode.swift; path = ActivityView.swift; sourceTree = "<group>"; };
		476B430027FBDA4300C30BF3 /* ActivityItem.swift */ = {isa = PBXFileReference; lastKnownFileType = sourcecode.swift; path = ActivityItem.swift; sourceTree = "<group>"; };
		476B430627FC0F9900C30BF3 /* CameraService+Extensions.swift */ = {isa = PBXFileReference; fileEncoding = 4; lastKnownFileType = sourcecode.swift; path = "CameraService+Extensions.swift"; sourceTree = "<group>"; };
		476B430727FC0F9900C30BF3 /* CameraViewModel.swift */ = {isa = PBXFileReference; fileEncoding = 4; lastKnownFileType = sourcecode.swift; path = CameraViewModel.swift; sourceTree = "<group>"; };
		476B430827FC0F9900C30BF3 /* CameraPreview.swift */ = {isa = PBXFileReference; fileEncoding = 4; lastKnownFileType = sourcecode.swift; path = CameraPreview.swift; sourceTree = "<group>"; };
		476B430927FC0F9900C30BF3 /* CameraService+Enums.swift */ = {isa = PBXFileReference; fileEncoding = 4; lastKnownFileType = sourcecode.swift; path = "CameraService+Enums.swift"; sourceTree = "<group>"; };
		476B430A27FC0F9900C30BF3 /* PhotoCaptureProcessor.swift */ = {isa = PBXFileReference; fileEncoding = 4; lastKnownFileType = sourcecode.swift; path = PhotoCaptureProcessor.swift; sourceTree = "<group>"; };
		476B430B27FC0F9900C30BF3 /* Photo.swift */ = {isa = PBXFileReference; fileEncoding = 4; lastKnownFileType = sourcecode.swift; path = Photo.swift; sourceTree = "<group>"; };
		476B430C27FC0F9900C30BF3 /* AlertError.swift */ = {isa = PBXFileReference; fileEncoding = 4; lastKnownFileType = sourcecode.swift; path = AlertError.swift; sourceTree = "<group>"; };
		476B430D27FC0F9900C30BF3 /* CameraView.swift */ = {isa = PBXFileReference; fileEncoding = 4; lastKnownFileType = sourcecode.swift; path = CameraView.swift; sourceTree = "<group>"; };
		476B430E27FC0F9900C30BF3 /* ImageResizer.swift */ = {isa = PBXFileReference; fileEncoding = 4; lastKnownFileType = sourcecode.swift; path = ImageResizer.swift; sourceTree = "<group>"; };
		476B430F27FC0F9900C30BF3 /* CameraService.swift */ = {isa = PBXFileReference; fileEncoding = 4; lastKnownFileType = sourcecode.swift; path = CameraService.swift; sourceTree = "<group>"; };
		476B431A27FC0FBF00C30BF3 /* ImageViewer.swift */ = {isa = PBXFileReference; fileEncoding = 4; lastKnownFileType = sourcecode.swift; path = ImageViewer.swift; sourceTree = "<group>"; };
		476B431F27FC133B00C30BF3 /* PDFScannerView.swift */ = {isa = PBXFileReference; lastKnownFileType = sourcecode.swift; path = PDFScannerView.swift; sourceTree = "<group>"; };
		477DA76127E0E7C800C143C4 /* UltimateChords.app */ = {isa = PBXFileReference; explicitFileType = wrapper.application; includeInIndex = 0; path = UltimateChords.app; sourceTree = BUILT_PRODUCTS_DIR; };
		477DA76427E0E7C800C143C4 /* UltimateChordsApp.swift */ = {isa = PBXFileReference; lastKnownFileType = sourcecode.swift; path = UltimateChordsApp.swift; sourceTree = "<group>"; };
		477DA76627E0E7C800C143C4 /* HomeView.swift */ = {isa = PBXFileReference; lastKnownFileType = sourcecode.swift; path = HomeView.swift; sourceTree = "<group>"; };
		477DA76827E0E7C900C143C4 /* Assets.xcassets */ = {isa = PBXFileReference; lastKnownFileType = folder.assetcatalog; path = Assets.xcassets; sourceTree = "<group>"; };
		477DA76B27E0E7C900C143C4 /* Preview Assets.xcassets */ = {isa = PBXFileReference; lastKnownFileType = folder.assetcatalog; path = "Preview Assets.xcassets"; sourceTree = "<group>"; };
		477DA76D27E0E7C900C143C4 /* Persistence.swift */ = {isa = PBXFileReference; lastKnownFileType = sourcecode.swift; path = Persistence.swift; sourceTree = "<group>"; };
		477DA77C27E0E88800C143C4 /* TapToPresentStyle.swift */ = {isa = PBXFileReference; fileEncoding = 4; lastKnownFileType = sourcecode.swift; path = TapToPresentStyle.swift; sourceTree = "<group>"; };
		477DA77D27E0E88800C143C4 /* TapToPushStyle.swift */ = {isa = PBXFileReference; fileEncoding = 4; lastKnownFileType = sourcecode.swift; path = TapToPushStyle.swift; sourceTree = "<group>"; };
		4782A48C27E8B91500FA0FC9 /* XIcon.swift */ = {isa = PBXFileReference; lastKnownFileType = sourcecode.swift; path = XIcon.swift; sourceTree = "<group>"; };
		4782A48E27E8D6AA00FA0FC9 /* +UITextView.swift */ = {isa = PBXFileReference; lastKnownFileType = sourcecode.swift; path = "+UITextView.swift"; sourceTree = "<group>"; };
		4782A49027E8E5C600FA0FC9 /* HomeCell.swift */ = {isa = PBXFileReference; lastKnownFileType = sourcecode.swift; path = HomeCell.swift; sourceTree = "<group>"; };
		4782A49227E8E62C00FA0FC9 /* MainNavigationView.swift */ = {isa = PBXFileReference; lastKnownFileType = sourcecode.swift; path = MainNavigationView.swift; sourceTree = "<group>"; };
		4782A49427E8E6ED00FA0FC9 /* HomeViewModel.swift */ = {isa = PBXFileReference; lastKnownFileType = sourcecode.swift; path = HomeViewModel.swift; sourceTree = "<group>"; };
		4782A49727E8E82F00FA0FC9 /* LyricsCreaterView.swift */ = {isa = PBXFileReference; lastKnownFileType = sourcecode.swift; path = LyricsCreaterView.swift; sourceTree = "<group>"; };
		4782A49927E8E9CC00FA0FC9 /* WidthFittingTextView.swift */ = {isa = PBXFileReference; lastKnownFileType = sourcecode.swift; path = WidthFittingTextView.swift; sourceTree = "<group>"; };
		4782A49B27E8EA5600FA0FC9 /* LyricsCreaterViewModel.swift */ = {isa = PBXFileReference; lastKnownFileType = sourcecode.swift; path = LyricsCreaterViewModel.swift; sourceTree = "<group>"; };
		4782A49D27E8EA6A00FA0FC9 /* LyricsCreaterTextView.swift */ = {isa = PBXFileReference; lastKnownFileType = sourcecode.swift; path = LyricsCreaterTextView.swift; sourceTree = "<group>"; };
		4782A49F27E92C9200FA0FC9 /* +Lyric.swift */ = {isa = PBXFileReference; lastKnownFileType = sourcecode.swift; path = "+Lyric.swift"; sourceTree = "<group>"; };
		4782A4A527E930C300FA0FC9 /* UltimateChords.xcdatamodel */ = {isa = PBXFileReference; lastKnownFileType = wrapper.xcdatamodel; path = UltimateChords.xcdatamodel; sourceTree = "<group>"; };
		47873D4327E2F92600417F89 /* Pdf.swift */ = {isa = PBXFileReference; lastKnownFileType = sourcecode.swift; path = Pdf.swift; sourceTree = "<group>"; };
		47873D4627E2F94100417F89 /* PdfView.swift */ = {isa = PBXFileReference; lastKnownFileType = sourcecode.swift; path = PdfView.swift; sourceTree = "<group>"; };
		47873D5127E3659E00417F89 /* +View.swift */ = {isa = PBXFileReference; lastKnownFileType = sourcecode.swift; path = "+View.swift"; sourceTree = "<group>"; };
		47A3E5D727E4DE3300412B89 /* LyricsViewerView.swift */ = {isa = PBXFileReference; lastKnownFileType = sourcecode.swift; path = LyricsViewerView.swift; sourceTree = "<group>"; };
		47A3E5DA27E4DEC900412B89 /* LyricsViewerTextView.swift */ = {isa = PBXFileReference; lastKnownFileType = sourcecode.swift; path = LyricsViewerTextView.swift; sourceTree = "<group>"; };
		47A3E5DD27E4DF3100412B89 /* LyricsViewerViewModel.swift */ = {isa = PBXFileReference; lastKnownFileType = sourcecode.swift; path = LyricsViewerViewModel.swift; sourceTree = "<group>"; };
		47A3E5ED27E4F42800412B89 /* NotoSansMono_ExtraCondensed-SemiBold.ttf */ = {isa = PBXFileReference; lastKnownFileType = file; path = "NotoSansMono_ExtraCondensed-SemiBold.ttf"; sourceTree = "<group>"; };
		47A3E5EE27E4F42800412B89 /* NotoSansMono_ExtraCondensed-ExtraBold.ttf */ = {isa = PBXFileReference; lastKnownFileType = file; path = "NotoSansMono_ExtraCondensed-ExtraBold.ttf"; sourceTree = "<group>"; };
		47A3E5EF27E4F42800412B89 /* NotoSansMono_ExtraCondensed-Bold.ttf */ = {isa = PBXFileReference; lastKnownFileType = file; path = "NotoSansMono_ExtraCondensed-Bold.ttf"; sourceTree = "<group>"; };
		47A3E5F027E4F42800412B89 /* NotoSansMono_ExtraCondensed-Black.ttf */ = {isa = PBXFileReference; lastKnownFileType = file; path = "NotoSansMono_ExtraCondensed-Black.ttf"; sourceTree = "<group>"; };
		47A3E5F527E4F43100412B89 /* NotoSansMono_ExtraCondensed-ExtraLight.ttf */ = {isa = PBXFileReference; lastKnownFileType = file; path = "NotoSansMono_ExtraCondensed-ExtraLight.ttf"; sourceTree = "<group>"; };
		47A3E5F627E4F43100412B89 /* NotoSansMono_ExtraCondensed-Light.ttf */ = {isa = PBXFileReference; lastKnownFileType = file; path = "NotoSansMono_ExtraCondensed-Light.ttf"; sourceTree = "<group>"; };
		47A3E5F727E4F43200412B89 /* NotoSansMono_ExtraCondensed-Thin.ttf */ = {isa = PBXFileReference; lastKnownFileType = file; path = "NotoSansMono_ExtraCondensed-Thin.ttf"; sourceTree = "<group>"; };
		47A3E5FB27E4F8D400412B89 /* +ParagraphStyle.swift */ = {isa = PBXFileReference; lastKnownFileType = sourcecode.swift; path = "+ParagraphStyle.swift"; sourceTree = "<group>"; };
		47BB283227F0CFDC00852C1D /* EditableTextView.swift */ = {isa = PBXFileReference; lastKnownFileType = sourcecode.swift; path = EditableTextView.swift; sourceTree = "<group>"; };
		47BFC43427F2282F00B4F261 /* DPTagTextView.swift */ = {isa = PBXFileReference; lastKnownFileType = sourcecode.swift; path = DPTagTextView.swift; sourceTree = "<group>"; };
		47FB89E327E2A3E3006799FC /* Info.plist */ = {isa = PBXFileReference; lastKnownFileType = text.plist; path = Info.plist; sourceTree = "<group>"; };
		47FB8A3B27E2A72E006799FC /* XFont.swift */ = {isa = PBXFileReference; lastKnownFileType = sourcecode.swift; path = XFont.swift; sourceTree = "<group>"; };
		47FB8A4327E2AC3F006799FC /* NotoSansMono_ExtraCondensed-Medium.ttf */ = {isa = PBXFileReference; lastKnownFileType = file; path = "NotoSansMono_ExtraCondensed-Medium.ttf"; sourceTree = "<group>"; };
		47FB8A4427E2AC3F006799FC /* NotoSansMono_ExtraCondensed-Regular.ttf */ = {isa = PBXFileReference; lastKnownFileType = file; path = "NotoSansMono_ExtraCondensed-Regular.ttf"; sourceTree = "<group>"; };
		47FB8A4927E2F3A4006799FC /* HtmlView.swift */ = {isa = PBXFileReference; lastKnownFileType = sourcecode.swift; path = HtmlView.swift; sourceTree = "<group>"; };
/* End PBXFileReference section */

/* Begin PBXFrameworksBuildPhase section */
		477DA75E27E0E7C800C143C4 /* Frameworks */ = {
			isa = PBXFrameworksBuildPhase;
			buildActionMask = 2147483647;
			files = (
				476B431E27FC130500C30BF3 /* IRLPDFScanContent in Frameworks */,
				4708C46C27ED378A00481172 /* SwiftyChords in Frameworks */,
			);
			runOnlyForDeploymentPostprocessing = 0;
		};
/* End PBXFrameworksBuildPhase section */

/* Begin PBXGroup section */
		4708C45C27ECA94F00481172 /* SongPro */ = {
			isa = PBXGroup;
			children = (
				4708C48527ED394E00481172 /* ChordsView.swift */,
				4708C46D27ED37B400481172 /* Parser */,
				4708C47627ED37B400481172 /* WebView */,
			);
			path = SongPro;
			sourceTree = "<group>";
		};
		4708C46D27ED37B400481172 /* Parser */ = {
			isa = PBXGroup;
			children = (
				4708C46F27ED37B400481172 /* ChordPro.swift */,
				4708C46E27ED37B400481172 /* Song.swift */,
				476B42F827FBAA2A00C30BF3 /* Song+Models.swift */,
				4708C47127ED37B400481172 /* Chord.swift */,
			);
			path = Parser;
			sourceTree = "<group>";
		};
		4708C47627ED37B400481172 /* WebView */ = {
			isa = PBXGroup;
			children = (
				4708C47727ED37B400481172 /* style.css */,
			);
			path = WebView;
			sourceTree = "<group>";
		};
		4713244027E3A0D1000F67C8 /* Extensions */ = {
			isa = PBXGroup;
			children = (
				47873D5127E3659E00417F89 /* +View.swift */,
				4713244127E3A0E2000F67C8 /* +String.swift */,
				47A3E5FB27E4F8D400412B89 /* +ParagraphStyle.swift */,
				4782A48E27E8D6AA00FA0FC9 /* +UITextView.swift */,
			);
			path = Extensions;
			sourceTree = "<group>";
		};
		472BE8BC27E96E5000A41D54 /* Search */ = {
			isa = PBXGroup;
			children = (
				472BE8BD27E96E7000A41D54 /* SearchContent.swift */,
				472BE8BA27E9659B00A41D54 /* SearchViewModel.swift */,
			);
			path = Search;
			sourceTree = "<group>";
		};
		4761E7FA27EDF4DC00BBA301 /* SoundBuilder */ = {
			isa = PBXGroup;
			children = (
				4713243B27E39E1F000F67C8 /* RegularExpression.swift */,
				4708C45D27ECB36F00481172 /* AttributedString.swift */,
				4761E7FD27EF7D7900BBA301 /* Html.swift */,
				47873D4327E2F92600417F89 /* Pdf.swift */,
				476B428F27FA8F1100C30BF3 /* UserDefault.swift */,
			);
			path = SoundBuilder;
			sourceTree = "<group>";
		};
		476B42FC27FBD4D500C30BF3 /* TextView */ = {
			isa = PBXGroup;
			children = (
				4782A49927E8E9CC00FA0FC9 /* WidthFittingTextView.swift */,
				4761E7FB27EF789700BBA301 /* TextView.swift */,
				47BFC43427F2282F00B4F261 /* DPTagTextView.swift */,
			);
			path = TextView;
			sourceTree = "<group>";
		};
		476B42FF27FBDA3200C30BF3 /* ActivityView */ = {
			isa = PBXGroup;
			children = (
				476B42FD27FBDA0F00C30BF3 /* ActivityView.swift */,
				476B430027FBDA4300C30BF3 /* ActivityItem.swift */,
			);
			path = ActivityView;
			sourceTree = "<group>";
		};
		476B430427FC0F3300C30BF3 /* Import */ = {
			isa = PBXGroup;
			children = (
				476B430527FC0F9900C30BF3 /* Camera */,
			);
			path = Import;
			sourceTree = "<group>";
		};
		476B430527FC0F9900C30BF3 /* Camera */ = {
			isa = PBXGroup;
			children = (
				476B430627FC0F9900C30BF3 /* CameraService+Extensions.swift */,
				476B430727FC0F9900C30BF3 /* CameraViewModel.swift */,
				476B430827FC0F9900C30BF3 /* CameraPreview.swift */,
				476B430927FC0F9900C30BF3 /* CameraService+Enums.swift */,
				476B430A27FC0F9900C30BF3 /* PhotoCaptureProcessor.swift */,
				476B430B27FC0F9900C30BF3 /* Photo.swift */,
				476B430C27FC0F9900C30BF3 /* AlertError.swift */,
				476B430D27FC0F9900C30BF3 /* CameraView.swift */,
				476B430E27FC0F9900C30BF3 /* ImageResizer.swift */,
				476B430F27FC0F9900C30BF3 /* CameraService.swift */,
				476B431A27FC0FBF00C30BF3 /* ImageViewer.swift */,
			);
			path = Camera;
			sourceTree = "<group>";
		};
		477DA75827E0E7C800C143C4 = {
			isa = PBXGroup;
			children = (
				477DA76327E0E7C800C143C4 /* UltimateChords */,
				477DA76227E0E7C800C143C4 /* Products */,
			);
			sourceTree = "<group>";
		};
		477DA76227E0E7C800C143C4 /* Products */ = {
			isa = PBXGroup;
			children = (
				477DA76127E0E7C800C143C4 /* UltimateChords.app */,
			);
			name = Products;
			sourceTree = "<group>";
		};
		477DA76327E0E7C800C143C4 /* UltimateChords */ = {
			isa = PBXGroup;
			children = (
				4708C45C27ECA94F00481172 /* SongPro */,
				479BAC8927E242AB00CA5D14 /* App */,
				47A3E5DF27E4E57800412B89 /* Home */,
				479BAC8A27E242CD00CA5D14 /* Lyrics */,
				47A3E5EC27E4F29C00412B89 /* Models */,
				477DA77927E0E85400C143C4 /* Utilities */,
				479BAC8B27E242DB00CA5D14 /* Backend */,
				47FB89E327E2A3E3006799FC /* Info.plist */,
				479BAC8C27E242E400CA5D14 /* Resources */,
				477DA76A27E0E7C900C143C4 /* Preview Content */,
			);
			path = UltimateChords;
			sourceTree = "<group>";
		};
		477DA76A27E0E7C900C143C4 /* Preview Content */ = {
			isa = PBXGroup;
			children = (
				477DA76B27E0E7C900C143C4 /* Preview Assets.xcassets */,
			);
			path = "Preview Content";
			sourceTree = "<group>";
		};
		477DA77927E0E85400C143C4 /* Utilities */ = {
			isa = PBXGroup;
			children = (
				4761E7FA27EDF4DC00BBA301 /* SoundBuilder */,
				47FB8A3B27E2A72E006799FC /* XFont.swift */,
				4782A48C27E8B91500FA0FC9 /* XIcon.swift */,
				4708C46627ED020100481172 /* XApp.swift */,
				47A3E5E127E4E67F00412B89 /* CommonViews */,
				477DA77A27E0E86000C143C4 /* Views */,
			);
			path = Utilities;
			sourceTree = "<group>";
		};
		477DA77A27E0E86000C143C4 /* Views */ = {
			isa = PBXGroup;
			children = (
				4713244027E3A0D1000F67C8 /* Extensions */,
				477DA77B27E0E87300C143C4 /* ViewModifiers */,
			);
			path = Views;
			sourceTree = "<group>";
		};
		477DA77B27E0E87300C143C4 /* ViewModifiers */ = {
			isa = PBXGroup;
			children = (
				477DA77C27E0E88800C143C4 /* TapToPresentStyle.swift */,
				477DA77D27E0E88800C143C4 /* TapToPushStyle.swift */,
			);
			path = ViewModifiers;
			sourceTree = "<group>";
		};
		4782A49627E8E81D00FA0FC9 /* Creater */ = {
			isa = PBXGroup;
			children = (
				476B428D27F9E90F00C30BF3 /* LCreateLyrics.swift */,
				4782A49727E8E82F00FA0FC9 /* LyricsCreaterView.swift */,
				476B429127FAFD9600C30BF3 /* LyricCreaterControls.swift */,
				4782A49B27E8EA5600FA0FC9 /* LyricsCreaterViewModel.swift */,
				4782A49D27E8EA6A00FA0FC9 /* LyricsCreaterTextView.swift */,
				47BB283227F0CFDC00852C1D /* EditableTextView.swift */,
				476B429327FB255200C30BF3 /* ChordPicker.swift */,
			);
			path = Creater;
			sourceTree = "<group>";
		};
		479BAC8927E242AB00CA5D14 /* App */ = {
			isa = PBXGroup;
			children = (
				477DA76427E0E7C800C143C4 /* UltimateChordsApp.swift */,
				4782A49227E8E62C00FA0FC9 /* MainNavigationView.swift */,
			);
			path = App;
			sourceTree = "<group>";
		};
		479BAC8A27E242CD00CA5D14 /* Lyrics */ = {
			isa = PBXGroup;
			children = (
				476B430427FC0F3300C30BF3 /* Import */,
				4782A49627E8E81D00FA0FC9 /* Creater */,
				47A3E5D627E4DDC700412B89 /* Viewer */,
				476B42FC27FBD4D500C30BF3 /* TextView */,
			);
			path = Lyrics;
			sourceTree = "<group>";
		};
		479BAC8B27E242DB00CA5D14 /* Backend */ = {
			isa = PBXGroup;
			children = (
				477DA76D27E0E7C900C143C4 /* Persistence.swift */,
				4782A4A427E930C300FA0FC9 /* UltimateChords.xcdatamodeld */,
				4782A49F27E92C9200FA0FC9 /* +Lyric.swift */,
			);
			path = Backend;
			sourceTree = "<group>";
		};
		479BAC8C27E242E400CA5D14 /* Resources */ = {
			isa = PBXGroup;
			children = (
				47FB8A0227E2A463006799FC /* NotoSansMono */,
				477DA76827E0E7C900C143C4 /* Assets.xcassets */,
			);
			path = Resources;
			sourceTree = "<group>";
		};
		47A3E5D627E4DDC700412B89 /* Viewer */ = {
			isa = PBXGroup;
			children = (
				47A3E5D727E4DE3300412B89 /* LyricsViewerView.swift */,
				47A3E5DD27E4DF3100412B89 /* LyricsViewerViewModel.swift */,
				476B42FA27FBAE0600C30BF3 /* LyricViewerService.swift */,
				47A3E5DA27E4DEC900412B89 /* LyricsViewerTextView.swift */,
			);
			path = Viewer;
			sourceTree = "<group>";
		};
		47A3E5DF27E4E57800412B89 /* Home */ = {
			isa = PBXGroup;
			children = (
				477DA76627E0E7C800C143C4 /* HomeView.swift */,
				4782A49427E8E6ED00FA0FC9 /* HomeViewModel.swift */,
				4782A49027E8E5C600FA0FC9 /* HomeCell.swift */,
				476B431F27FC133B00C30BF3 /* PDFScannerView.swift */,
				472BE8BC27E96E5000A41D54 /* Search */,
			);
			path = Home;
			sourceTree = "<group>";
		};
		47A3E5E127E4E67F00412B89 /* CommonViews */ = {
			isa = PBXGroup;
			children = (
				47FB8A4927E2F3A4006799FC /* HtmlView.swift */,
				47873D4627E2F94100417F89 /* PdfView.swift */,
				4761E7F627ED7A4300BBA301 /* PickerNavigationView.swift */,
				4708C46827ED2F6E00481172 /* DocumentPicker.swift */,
				476B42FF27FBDA3200C30BF3 /* ActivityView */,
			);
			path = CommonViews;
			sourceTree = "<group>";
		};
		47A3E5EC27E4F29C00412B89 /* Models */ = {
			isa = PBXGroup;
			children = (
				472BE8DB27EAB3A500A41D54 /* ChordTag.swift */,
			);
			path = Models;
			sourceTree = "<group>";
		};
		47FB8A0227E2A463006799FC /* NotoSansMono */ = {
			isa = PBXGroup;
			children = (
				472BE8C927E9EF5200A41D54 /* MasterpieceSpringRev.ttf */,
				472BE8C527E9817600A41D54 /* MyanmarSquare.ttf */,
				472BE8C327E980AF00A41D54 /* MyanmarAngoun.ttf */,
				472BE8C127E97F4400A41D54 /* MyanmarSansPro.ttf */,
				47A3E5F027E4F42800412B89 /* NotoSansMono_ExtraCondensed-Black.ttf */,
				47A3E5EF27E4F42800412B89 /* NotoSansMono_ExtraCondensed-Bold.ttf */,
				47A3E5EE27E4F42800412B89 /* NotoSansMono_ExtraCondensed-ExtraBold.ttf */,
				47A3E5ED27E4F42800412B89 /* NotoSansMono_ExtraCondensed-SemiBold.ttf */,
				47FB8A4427E2AC3F006799FC /* NotoSansMono_ExtraCondensed-Regular.ttf */,
				47FB8A4327E2AC3F006799FC /* NotoSansMono_ExtraCondensed-Medium.ttf */,
				47A3E5F527E4F43100412B89 /* NotoSansMono_ExtraCondensed-ExtraLight.ttf */,
				47A3E5F627E4F43100412B89 /* NotoSansMono_ExtraCondensed-Light.ttf */,
				47A3E5F727E4F43200412B89 /* NotoSansMono_ExtraCondensed-Thin.ttf */,
			);
			path = NotoSansMono;
			sourceTree = "<group>";
		};
/* End PBXGroup section */

/* Begin PBXNativeTarget section */
		477DA76027E0E7C800C143C4 /* UltimateChords */ = {
			isa = PBXNativeTarget;
			buildConfigurationList = 477DA77427E0E7C900C143C4 /* Build configuration list for PBXNativeTarget "UltimateChords" */;
			buildPhases = (
				477DA75D27E0E7C800C143C4 /* Sources */,
				477DA75E27E0E7C800C143C4 /* Frameworks */,
				477DA75F27E0E7C800C143C4 /* Resources */,
			);
			buildRules = (
			);
			dependencies = (
			);
			name = UltimateChords;
			packageProductDependencies = (
				4708C46B27ED378A00481172 /* SwiftyChords */,
				476B431D27FC130500C30BF3 /* IRLPDFScanContent */,
			);
			productName = UltimateChords;
			productReference = 477DA76127E0E7C800C143C4 /* UltimateChords.app */;
			productType = "com.apple.product-type.application";
		};
/* End PBXNativeTarget section */

/* Begin PBXProject section */
		477DA75927E0E7C800C143C4 /* Project object */ = {
			isa = PBXProject;
			attributes = {
				BuildIndependentTargetsInParallel = 1;
				LastSwiftUpdateCheck = 1320;
				LastUpgradeCheck = 1320;
				TargetAttributes = {
					477DA76027E0E7C800C143C4 = {
						CreatedOnToolsVersion = 13.2.1;
					};
				};
			};
			buildConfigurationList = 477DA75C27E0E7C800C143C4 /* Build configuration list for PBXProject "UltimateChords" */;
			compatibilityVersion = "Xcode 13.0";
			developmentRegion = en;
			hasScannedForEncodings = 0;
			knownRegions = (
				en,
				Base,
			);
			mainGroup = 477DA75827E0E7C800C143C4;
			packageReferences = (
				4708C46A27ED378A00481172 /* XCRemoteSwiftPackageReference "SwiftyGuitarChords" */,
				476B431C27FC130500C30BF3 /* XCRemoteSwiftPackageReference "IRLPDFScanContent" */,
			);
			productRefGroup = 477DA76227E0E7C800C143C4 /* Products */;
			projectDirPath = "";
			projectRoot = "";
			targets = (
				477DA76027E0E7C800C143C4 /* UltimateChords */,
			);
		};
/* End PBXProject section */

/* Begin PBXResourcesBuildPhase section */
		477DA75F27E0E7C800C143C4 /* Resources */ = {
			isa = PBXResourcesBuildPhase;
			buildActionMask = 2147483647;
			files = (
				47A3E5FA27E4F43200412B89 /* NotoSansMono_ExtraCondensed-Thin.ttf in Resources */,
				4708C48127ED37B400481172 /* style.css in Resources */,
				47A3E5F927E4F43200412B89 /* NotoSansMono_ExtraCondensed-Light.ttf in Resources */,
				47A3E5F327E4F42800412B89 /* NotoSansMono_ExtraCondensed-Bold.ttf in Resources */,
				472BE8CA27E9EF5200A41D54 /* MasterpieceSpringRev.ttf in Resources */,
				477DA76C27E0E7C900C143C4 /* Preview Assets.xcassets in Resources */,
				47A3E5F227E4F42800412B89 /* NotoSansMono_ExtraCondensed-ExtraBold.ttf in Resources */,
				472BE8C227E97F4400A41D54 /* MyanmarSansPro.ttf in Resources */,
				472BE8C427E980AF00A41D54 /* MyanmarAngoun.ttf in Resources */,
				477DA76927E0E7C900C143C4 /* Assets.xcassets in Resources */,
				47FB8A4627E2AC3F006799FC /* NotoSansMono_ExtraCondensed-Regular.ttf in Resources */,
				47A3E5F127E4F42800412B89 /* NotoSansMono_ExtraCondensed-SemiBold.ttf in Resources */,
				47FB8A4527E2AC3F006799FC /* NotoSansMono_ExtraCondensed-Medium.ttf in Resources */,
				472BE8C627E9817600A41D54 /* MyanmarSquare.ttf in Resources */,
				47A3E5F427E4F42800412B89 /* NotoSansMono_ExtraCondensed-Black.ttf in Resources */,
				47A3E5F827E4F43200412B89 /* NotoSansMono_ExtraCondensed-ExtraLight.ttf in Resources */,
			);
			runOnlyForDeploymentPostprocessing = 0;
		};
/* End PBXResourcesBuildPhase section */

/* Begin PBXSourcesBuildPhase section */
		477DA75D27E0E7C800C143C4 /* Sources */ = {
			isa = PBXSourcesBuildPhase;
			buildActionMask = 2147483647;
			files = (
				476B431527FC0F9900C30BF3 /* Photo.swift in Sources */,
				47A3E5D827E4DE3300412B89 /* LyricsViewerView.swift in Sources */,
				4708C46927ED2F6E00481172 /* DocumentPicker.swift in Sources */,
				4782A49C27E8EA5600FA0FC9 /* LyricsCreaterViewModel.swift in Sources */,
				47873D4427E2F92600417F89 /* Pdf.swift in Sources */,
				476B431827FC0F9900C30BF3 /* ImageResizer.swift in Sources */,
				472BE8BE27E96E7000A41D54 /* SearchContent.swift in Sources */,
				4708C47C27ED37B400481172 /* Chord.swift in Sources */,
				47A3E5DB27E4DEC900412B89 /* LyricsViewerTextView.swift in Sources */,
				47A3E5DE27E4DF3100412B89 /* LyricsViewerViewModel.swift in Sources */,
				47BB283327F0CFDC00852C1D /* EditableTextView.swift in Sources */,
				472BE8BB27E9659B00A41D54 /* SearchViewModel.swift in Sources */,
				4708C47A27ED37B400481172 /* ChordPro.swift in Sources */,
				476B431427FC0F9900C30BF3 /* PhotoCaptureProcessor.swift in Sources */,
				476B431727FC0F9900C30BF3 /* CameraView.swift in Sources */,
				476B429427FB255200C30BF3 /* ChordPicker.swift in Sources */,
				472BE8DC27EAB3A500A41D54 /* ChordTag.swift in Sources */,
				4782A49127E8E5C600FA0FC9 /* HomeCell.swift in Sources */,
				4761E7FE27EF7D7900BBA301 /* Html.swift in Sources */,
				4761E7FC27EF789700BBA301 /* TextView.swift in Sources */,
				476B431927FC0F9900C30BF3 /* CameraService.swift in Sources */,
				4782A49827E8E82F00FA0FC9 /* LyricsCreaterView.swift in Sources */,
				477DA76E27E0E7C900C143C4 /* Persistence.swift in Sources */,
				4713244227E3A0E2000F67C8 /* +String.swift in Sources */,
				4761E7F727ED7A4300BBA301 /* PickerNavigationView.swift in Sources */,
				476B429227FAFD9600C30BF3 /* LyricCreaterControls.swift in Sources */,
				476B431227FC0F9900C30BF3 /* CameraPreview.swift in Sources */,
				476B429027FA8F1100C30BF3 /* UserDefault.swift in Sources */,
				4708C45E27ECB36F00481172 /* AttributedString.swift in Sources */,
				47FB8A3C27E2A72E006799FC /* XFont.swift in Sources */,
				4708C48927ED394E00481172 /* ChordsView.swift in Sources */,
				476B431127FC0F9900C30BF3 /* CameraViewModel.swift in Sources */,
				476B431027FC0F9900C30BF3 /* CameraService+Extensions.swift in Sources */,
				476B42FE27FBDA0F00C30BF3 /* ActivityView.swift in Sources */,
				47873D5227E3659E00417F89 /* +View.swift in Sources */,
				4708C46727ED020100481172 /* XApp.swift in Sources */,
				476B432027FC133B00C30BF3 /* PDFScannerView.swift in Sources */,
				4782A49A27E8E9CC00FA0FC9 /* WidthFittingTextView.swift in Sources */,
				477DA77E27E0E88800C143C4 /* TapToPresentStyle.swift in Sources */,
				477DA77F27E0E88800C143C4 /* TapToPushStyle.swift in Sources */,
				476B430127FBDA4300C30BF3 /* ActivityItem.swift in Sources */,
				476B431327FC0F9900C30BF3 /* CameraService+Enums.swift in Sources */,
				4708C47927ED37B400481172 /* Song.swift in Sources */,
				4782A49E27E8EA6A00FA0FC9 /* LyricsCreaterTextView.swift in Sources */,
				476B42F927FBAA2A00C30BF3 /* Song+Models.swift in Sources */,
				477DA76727E0E7C800C143C4 /* HomeView.swift in Sources */,
				4782A48F27E8D6AA00FA0FC9 /* +UITextView.swift in Sources */,
				4782A4A627E930C300FA0FC9 /* UltimateChords.xcdatamodeld in Sources */,
				4782A4A027E92C9200FA0FC9 /* +Lyric.swift in Sources */,
				4782A49527E8E6ED00FA0FC9 /* HomeViewModel.swift in Sources */,
				477DA76527E0E7C800C143C4 /* UltimateChordsApp.swift in Sources */,
				47A3E5FC27E4F8D400412B89 /* +ParagraphStyle.swift in Sources */,
				4713243C27E39E1F000F67C8 /* RegularExpression.swift in Sources */,
				476B42FB27FBAE0600C30BF3 /* LyricViewerService.swift in Sources */,
				4782A49327E8E62C00FA0FC9 /* MainNavigationView.swift in Sources */,
				4782A48D27E8B91500FA0FC9 /* XIcon.swift in Sources */,
				47873D4727E2F94100417F89 /* PdfView.swift in Sources */,
				476B431627FC0F9900C30BF3 /* AlertError.swift in Sources */,
				476B431B27FC0FBF00C30BF3 /* ImageViewer.swift in Sources */,
				476B428E27F9E90F00C30BF3 /* LCreateLyrics.swift in Sources */,
				47BFC43527F2282F00B4F261 /* DPTagTextView.swift in Sources */,
				47FB8A4A27E2F3A4006799FC /* HtmlView.swift in Sources */,
			);
			runOnlyForDeploymentPostprocessing = 0;
		};
/* End PBXSourcesBuildPhase section */

/* Begin XCBuildConfiguration section */
		477DA77227E0E7C900C143C4 /* Debug */ = {
			isa = XCBuildConfiguration;
			buildSettings = {
				ALWAYS_SEARCH_USER_PATHS = NO;
				CLANG_ANALYZER_NONNULL = YES;
				CLANG_ANALYZER_NUMBER_OBJECT_CONVERSION = YES_AGGRESSIVE;
				CLANG_CXX_LANGUAGE_STANDARD = "gnu++17";
				CLANG_CXX_LIBRARY = "libc++";
				CLANG_ENABLE_MODULES = YES;
				CLANG_ENABLE_OBJC_ARC = YES;
				CLANG_ENABLE_OBJC_WEAK = YES;
				CLANG_WARN_BLOCK_CAPTURE_AUTORELEASING = YES;
				CLANG_WARN_BOOL_CONVERSION = YES;
				CLANG_WARN_COMMA = YES;
				CLANG_WARN_CONSTANT_CONVERSION = YES;
				CLANG_WARN_DEPRECATED_OBJC_IMPLEMENTATIONS = YES;
				CLANG_WARN_DIRECT_OBJC_ISA_USAGE = YES_ERROR;
				CLANG_WARN_DOCUMENTATION_COMMENTS = YES;
				CLANG_WARN_EMPTY_BODY = YES;
				CLANG_WARN_ENUM_CONVERSION = YES;
				CLANG_WARN_INFINITE_RECURSION = YES;
				CLANG_WARN_INT_CONVERSION = YES;
				CLANG_WARN_NON_LITERAL_NULL_CONVERSION = YES;
				CLANG_WARN_OBJC_IMPLICIT_RETAIN_SELF = YES;
				CLANG_WARN_OBJC_LITERAL_CONVERSION = YES;
				CLANG_WARN_OBJC_ROOT_CLASS = YES_ERROR;
				CLANG_WARN_QUOTED_INCLUDE_IN_FRAMEWORK_HEADER = YES;
				CLANG_WARN_RANGE_LOOP_ANALYSIS = YES;
				CLANG_WARN_STRICT_PROTOTYPES = YES;
				CLANG_WARN_SUSPICIOUS_MOVE = YES;
				CLANG_WARN_UNGUARDED_AVAILABILITY = YES_AGGRESSIVE;
				CLANG_WARN_UNREACHABLE_CODE = YES;
				CLANG_WARN__DUPLICATE_METHOD_MATCH = YES;
				COPY_PHASE_STRIP = NO;
				DEBUG_INFORMATION_FORMAT = dwarf;
				ENABLE_STRICT_OBJC_MSGSEND = YES;
				ENABLE_TESTABILITY = YES;
				GCC_C_LANGUAGE_STANDARD = gnu11;
				GCC_DYNAMIC_NO_PIC = NO;
				GCC_NO_COMMON_BLOCKS = YES;
				GCC_OPTIMIZATION_LEVEL = 0;
				GCC_PREPROCESSOR_DEFINITIONS = (
					"DEBUG=1",
					"$(inherited)",
				);
				GCC_WARN_64_TO_32_BIT_CONVERSION = YES;
				GCC_WARN_ABOUT_RETURN_TYPE = YES_ERROR;
				GCC_WARN_UNDECLARED_SELECTOR = YES;
				GCC_WARN_UNINITIALIZED_AUTOS = YES_AGGRESSIVE;
				GCC_WARN_UNUSED_FUNCTION = YES;
				GCC_WARN_UNUSED_VARIABLE = YES;
				IPHONEOS_DEPLOYMENT_TARGET = 15.2;
				MTL_ENABLE_DEBUG_INFO = INCLUDE_SOURCE;
				MTL_FAST_MATH = YES;
				ONLY_ACTIVE_ARCH = YES;
				SDKROOT = iphoneos;
				SWIFT_ACTIVE_COMPILATION_CONDITIONS = DEBUG;
				SWIFT_OPTIMIZATION_LEVEL = "-Onone";
				SWIFT_VERSION = 5.0;
			};
			name = Debug;
		};
		477DA77327E0E7C900C143C4 /* Release */ = {
			isa = XCBuildConfiguration;
			buildSettings = {
				ALWAYS_SEARCH_USER_PATHS = NO;
				CLANG_ANALYZER_NONNULL = YES;
				CLANG_ANALYZER_NUMBER_OBJECT_CONVERSION = YES_AGGRESSIVE;
				CLANG_CXX_LANGUAGE_STANDARD = "gnu++17";
				CLANG_CXX_LIBRARY = "libc++";
				CLANG_ENABLE_MODULES = YES;
				CLANG_ENABLE_OBJC_ARC = YES;
				CLANG_ENABLE_OBJC_WEAK = YES;
				CLANG_WARN_BLOCK_CAPTURE_AUTORELEASING = YES;
				CLANG_WARN_BOOL_CONVERSION = YES;
				CLANG_WARN_COMMA = YES;
				CLANG_WARN_CONSTANT_CONVERSION = YES;
				CLANG_WARN_DEPRECATED_OBJC_IMPLEMENTATIONS = YES;
				CLANG_WARN_DIRECT_OBJC_ISA_USAGE = YES_ERROR;
				CLANG_WARN_DOCUMENTATION_COMMENTS = YES;
				CLANG_WARN_EMPTY_BODY = YES;
				CLANG_WARN_ENUM_CONVERSION = YES;
				CLANG_WARN_INFINITE_RECURSION = YES;
				CLANG_WARN_INT_CONVERSION = YES;
				CLANG_WARN_NON_LITERAL_NULL_CONVERSION = YES;
				CLANG_WARN_OBJC_IMPLICIT_RETAIN_SELF = YES;
				CLANG_WARN_OBJC_LITERAL_CONVERSION = YES;
				CLANG_WARN_OBJC_ROOT_CLASS = YES_ERROR;
				CLANG_WARN_QUOTED_INCLUDE_IN_FRAMEWORK_HEADER = YES;
				CLANG_WARN_RANGE_LOOP_ANALYSIS = YES;
				CLANG_WARN_STRICT_PROTOTYPES = YES;
				CLANG_WARN_SUSPICIOUS_MOVE = YES;
				CLANG_WARN_UNGUARDED_AVAILABILITY = YES_AGGRESSIVE;
				CLANG_WARN_UNREACHABLE_CODE = YES;
				CLANG_WARN__DUPLICATE_METHOD_MATCH = YES;
				COPY_PHASE_STRIP = NO;
				DEBUG_INFORMATION_FORMAT = "dwarf-with-dsym";
				ENABLE_NS_ASSERTIONS = NO;
				ENABLE_STRICT_OBJC_MSGSEND = YES;
				GCC_C_LANGUAGE_STANDARD = gnu11;
				GCC_NO_COMMON_BLOCKS = YES;
				GCC_WARN_64_TO_32_BIT_CONVERSION = YES;
				GCC_WARN_ABOUT_RETURN_TYPE = YES_ERROR;
				GCC_WARN_UNDECLARED_SELECTOR = YES;
				GCC_WARN_UNINITIALIZED_AUTOS = YES_AGGRESSIVE;
				GCC_WARN_UNUSED_FUNCTION = YES;
				GCC_WARN_UNUSED_VARIABLE = YES;
				IPHONEOS_DEPLOYMENT_TARGET = 15.2;
				MTL_ENABLE_DEBUG_INFO = NO;
				MTL_FAST_MATH = YES;
				SDKROOT = iphoneos;
				SWIFT_COMPILATION_MODE = wholemodule;
				SWIFT_OPTIMIZATION_LEVEL = "-O";
				SWIFT_VERSION = 5.0;
				VALIDATE_PRODUCT = YES;
			};
			name = Release;
		};
		477DA77527E0E7C900C143C4 /* Debug */ = {
			isa = XCBuildConfiguration;
			buildSettings = {
				ASSETCATALOG_COMPILER_APPICON_NAME = AppIcon;
				ASSETCATALOG_COMPILER_GLOBAL_ACCENT_COLOR_NAME = AccentColor;
				CODE_SIGN_STYLE = Automatic;
				CURRENT_PROJECT_VERSION = 1;
				DEVELOPMENT_ASSET_PATHS = "\"UltimateChords/Preview Content\"";
				DEVELOPMENT_TEAM = YYK4329T78;
				ENABLE_PREVIEWS = YES;
				GENERATE_INFOPLIST_FILE = YES;
				INFOPLIST_FILE = UltimateChords/Info.plist;
				INFOPLIST_KEY_NSCameraUsageDescription = "TO DO";
				INFOPLIST_KEY_NSPhotoLibraryUsageDescription = "TO DO";
				INFOPLIST_KEY_UIApplicationSceneManifest_Generation = YES;
				INFOPLIST_KEY_UIApplicationSupportsIndirectInputEvents = YES;
				INFOPLIST_KEY_UILaunchScreen_Generation = YES;
				INFOPLIST_KEY_UISupportedInterfaceOrientations_iPad = "UIInterfaceOrientationPortrait UIInterfaceOrientationPortraitUpsideDown UIInterfaceOrientationLandscapeLeft UIInterfaceOrientationLandscapeRight";
				INFOPLIST_KEY_UISupportedInterfaceOrientations_iPhone = "UIInterfaceOrientationPortrait UIInterfaceOrientationLandscapeLeft UIInterfaceOrientationLandscapeRight";
				LD_RUNPATH_SEARCH_PATHS = (
					"$(inherited)",
					"@executable_path/Frameworks",
				);
				MARKETING_VERSION = 1.0;
				PRODUCT_BUNDLE_IDENTIFIER = com.jonahaung.UltimateChords;
				PRODUCT_NAME = "$(TARGET_NAME)";
				SWIFT_EMIT_LOC_STRINGS = YES;
				SWIFT_VERSION = 5.0;
				TARGETED_DEVICE_FAMILY = "1,2";
			};
			name = Debug;
		};
		477DA77627E0E7C900C143C4 /* Release */ = {
			isa = XCBuildConfiguration;
			buildSettings = {
				ASSETCATALOG_COMPILER_APPICON_NAME = AppIcon;
				ASSETCATALOG_COMPILER_GLOBAL_ACCENT_COLOR_NAME = AccentColor;
				CODE_SIGN_STYLE = Automatic;
				CURRENT_PROJECT_VERSION = 1;
				DEVELOPMENT_ASSET_PATHS = "\"UltimateChords/Preview Content\"";
				DEVELOPMENT_TEAM = YYK4329T78;
				ENABLE_PREVIEWS = YES;
				GENERATE_INFOPLIST_FILE = YES;
				INFOPLIST_FILE = UltimateChords/Info.plist;
				INFOPLIST_KEY_NSCameraUsageDescription = "TO DO";
				INFOPLIST_KEY_NSPhotoLibraryUsageDescription = "TO DO";
				INFOPLIST_KEY_UIApplicationSceneManifest_Generation = YES;
				INFOPLIST_KEY_UIApplicationSupportsIndirectInputEvents = YES;
				INFOPLIST_KEY_UILaunchScreen_Generation = YES;
				INFOPLIST_KEY_UISupportedInterfaceOrientations_iPad = "UIInterfaceOrientationPortrait UIInterfaceOrientationPortraitUpsideDown UIInterfaceOrientationLandscapeLeft UIInterfaceOrientationLandscapeRight";
				INFOPLIST_KEY_UISupportedInterfaceOrientations_iPhone = "UIInterfaceOrientationPortrait UIInterfaceOrientationLandscapeLeft UIInterfaceOrientationLandscapeRight";
				LD_RUNPATH_SEARCH_PATHS = (
					"$(inherited)",
					"@executable_path/Frameworks",
				);
				MARKETING_VERSION = 1.0;
				PRODUCT_BUNDLE_IDENTIFIER = com.jonahaung.UltimateChords;
				PRODUCT_NAME = "$(TARGET_NAME)";
				SWIFT_EMIT_LOC_STRINGS = YES;
				SWIFT_VERSION = 5.0;
				TARGETED_DEVICE_FAMILY = "1,2";
			};
			name = Release;
		};
/* End XCBuildConfiguration section */

/* Begin XCConfigurationList section */
		477DA75C27E0E7C800C143C4 /* Build configuration list for PBXProject "UltimateChords" */ = {
			isa = XCConfigurationList;
			buildConfigurations = (
				477DA77227E0E7C900C143C4 /* Debug */,
				477DA77327E0E7C900C143C4 /* Release */,
			);
			defaultConfigurationIsVisible = 0;
			defaultConfigurationName = Release;
		};
		477DA77427E0E7C900C143C4 /* Build configuration list for PBXNativeTarget "UltimateChords" */ = {
			isa = XCConfigurationList;
			buildConfigurations = (
				477DA77527E0E7C900C143C4 /* Debug */,
				477DA77627E0E7C900C143C4 /* Release */,
			);
			defaultConfigurationIsVisible = 0;
			defaultConfigurationName = Release;
		};
/* End XCConfigurationList section */

/* Begin XCRemoteSwiftPackageReference section */
		4708C46A27ED378A00481172 /* XCRemoteSwiftPackageReference "SwiftyGuitarChords" */ = {
			isa = XCRemoteSwiftPackageReference;
			repositoryURL = "https://github.com/BeauNouvelle/SwiftyGuitarChords";
			requirement = {
				branch = main;
				kind = branch;
			};
		};
		476B431C27FC130500C30BF3 /* XCRemoteSwiftPackageReference "IRLPDFScanContent" */ = {
			isa = XCRemoteSwiftPackageReference;
			repositoryURL = "https://github.com/charlymr/IRLPDFScanContent";
			requirement = {
				kind = upToNextMajorVersion;
				minimumVersion = 1.0.0;
			};
		};
/* End XCRemoteSwiftPackageReference section */

/* Begin XCSwiftPackageProductDependency section */
		4708C46B27ED378A00481172 /* SwiftyChords */ = {
			isa = XCSwiftPackageProductDependency;
			package = 4708C46A27ED378A00481172 /* XCRemoteSwiftPackageReference "SwiftyGuitarChords" */;
			productName = SwiftyChords;
		};
		476B431D27FC130500C30BF3 /* IRLPDFScanContent */ = {
			isa = XCSwiftPackageProductDependency;
			package = 476B431C27FC130500C30BF3 /* XCRemoteSwiftPackageReference "IRLPDFScanContent" */;
			productName = IRLPDFScanContent;
		};
/* End XCSwiftPackageProductDependency section */

/* Begin XCVersionGroup section */
		4782A4A427E930C300FA0FC9 /* UltimateChords.xcdatamodeld */ = {
			isa = XCVersionGroup;
			children = (
				4782A4A527E930C300FA0FC9 /* UltimateChords.xcdatamodel */,
			);
			currentVersion = 4782A4A527E930C300FA0FC9 /* UltimateChords.xcdatamodel */;
			path = UltimateChords.xcdatamodeld;
			sourceTree = "<group>";
			versionGroupType = wrapper.xcdatamodel;
		};
/* End XCVersionGroup section */
	};
	rootObject = 477DA75927E0E7C800C143C4 /* Project object */;
}
